
Microsoft Visual Studio Solution File, Format Version 12.00
# Visual Studio Version 17
VisualStudioVersion = 17.11.35312.102
MinimumVisualStudioVersion = 10.0.40219.1
Project("{FAE04EC0-301F-11D3-BF4B-00C04F79EFBC}") = "Test_DoAn", "Test_DoAn\Test_DoAn.csproj", "{3D85F351-2DDB-470A-B04B-ED7012D3311F}"
EndProject
Global
	GlobalSection(SolutionConfigurationPlatforms) = preSolution
		Debug|Any CPU = Debug|Any CPU
		Release|Any CPU = Release|Any CPU
	EndGlobalSection
	GlobalSection(ProjectConfigurationPlatforms) = postSolution
		{3D85F351-2DDB-470A-B04B-ED7012D3311F}.Debug|Any CPU.ActiveCfg = Debug|Any CPU
		{3D85F351-2DDB-470A-B04B-ED7012D3311F}.Debug|Any CPU.Build.0 = Debug|Any CPU
		{3D85F351-2DDB-470A-B04B-ED7012D3311F}.Release|Any CPU.ActiveCfg = Release|Any CPU
		{3D85F351-2DDB-470A-B04B-ED7012D3311F}.Release|Any CPU.Build.0 = Release|Any CPU
	EndGlobalSection
	GlobalSection(SolutionProperties) = preSolution
		HideSolutionNode = FALSE
	EndGlobalSection
	GlobalSection(ExtensibilityGlobals) = postSolution
		SolutionGuid = {DB03D4E3-A825-4943-9A88-4A367CE6AC59}
	EndGlobalSection
EndGlobal
